// !$*UTF8*$!
{
	archiveVersion = 1;
	classes = {
	};
	objectVersion = 46;
	objects = {

/* Begin PBXBuildFile section */
		8B54F2091F45C6E5005675D8 /* AppDelegate.swift in Sources */ = {isa = PBXBuildFile; fileRef = 8B54F2081F45C6E5005675D8 /* AppDelegate.swift */; };
		8B54F20B1F45C6E5005675D8 /* ViewController.swift in Sources */ = {isa = PBXBuildFile; fileRef = 8B54F20A1F45C6E5005675D8 /* ViewController.swift */; };
		8B54F20E1F45C6E5005675D8 /* Main.storyboard in Resources */ = {isa = PBXBuildFile; fileRef = 8B54F20C1F45C6E5005675D8 /* Main.storyboard */; };
		8B54F2101F45C6E5005675D8 /* Assets.xcassets in Resources */ = {isa = PBXBuildFile; fileRef = 8B54F20F1F45C6E5005675D8 /* Assets.xcassets */; };
		8B54F2131F45C6E5005675D8 /* LaunchScreen.storyboard in Resources */ = {isa = PBXBuildFile; fileRef = 8B54F2111F45C6E5005675D8 /* LaunchScreen.storyboard */; };
		8B54F21E1F45C6E5005675D8 /* deploy_testTests.swift in Sources */ = {isa = PBXBuildFile; fileRef = 8B54F21D1F45C6E5005675D8 /* deploy_testTests.swift */; };
/* End PBXBuildFile section */

/* Begin PBXContainerItemProxy section */
		8B54F21A1F45C6E5005675D8 /* PBXContainerItemProxy */ = {
			isa = PBXContainerItemProxy;
			containerPortal = 8B54F1FD1F45C6E5005675D8 /* Project object */;
			proxyType = 1;
			remoteGlobalIDString = 8B54F2041F45C6E5005675D8;
			remoteInfo = "deploy-test";
		};
/* End PBXContainerItemProxy section */

/* Begin PBXFileReference section */
		8B54F2051F45C6E5005675D8 /* deploy-test.app */ = {isa = PBXFileReference; explicitFileType = wrapper.application; includeInIndex = 0; path = "deploy-test.app"; sourceTree = BUILT_PRODUCTS_DIR; };
		8B54F2081F45C6E5005675D8 /* AppDelegate.swift */ = {isa = PBXFileReference; lastKnownFileType = sourcecode.swift; path = AppDelegate.swift; sourceTree = "<group>"; };
		8B54F20A1F45C6E5005675D8 /* ViewController.swift */ = {isa = PBXFileReference; lastKnownFileType = sourcecode.swift; path = ViewController.swift; sourceTree = "<group>"; };
		8B54F20D1F45C6E5005675D8 /* Base */ = {isa = PBXFileReference; lastKnownFileType = file.storyboard; name = Base; path = Base.lproj/Main.storyboard; sourceTree = "<group>"; };
		8B54F20F1F45C6E5005675D8 /* Assets.xcassets */ = {isa = PBXFileReference; lastKnownFileType = folder.assetcatalog; path = Assets.xcassets; sourceTree = "<group>"; };
		8B54F2121F45C6E5005675D8 /* Base */ = {isa = PBXFileReference; lastKnownFileType = file.storyboard; name = Base; path = Base.lproj/LaunchScreen.storyboard; sourceTree = "<group>"; };
		8B54F2141F45C6E5005675D8 /* Info.plist */ = {isa = PBXFileReference; lastKnownFileType = text.plist.xml; path = Info.plist; sourceTree = "<group>"; };
		8B54F2191F45C6E5005675D8 /* deploy-testTests.xctest */ = {isa = PBXFileReference; explicitFileType = wrapper.cfbundle; includeInIndex = 0; path = "deploy-testTests.xctest"; sourceTree = BUILT_PRODUCTS_DIR; };
		8B54F21D1F45C6E5005675D8 /* deploy_testTests.swift */ = {isa = PBXFileReference; lastKnownFileType = sourcecode.swift; path = deploy_testTests.swift; sourceTree = "<group>"; };
		8B54F21F1F45C6E5005675D8 /* Info.plist */ = {isa = PBXFileReference; lastKnownFileType = text.plist.xml; path = Info.plist; sourceTree = "<group>"; };
/* End PBXFileReference section */

/* Begin PBXFrameworksBuildPhase section */
		8B54F2021F45C6E5005675D8 /* Frameworks */ = {
			isa = PBXFrameworksBuildPhase;
			buildActionMask = 2147483647;
			files = (
			);
			runOnlyForDeploymentPostprocessing = 0;
		};
		8B54F2161F45C6E5005675D8 /* Frameworks */ = {
			isa = PBXFrameworksBuildPhase;
			buildActionMask = 2147483647;
			files = (
			);
			runOnlyForDeploymentPostprocessing = 0;
		};
/* End PBXFrameworksBuildPhase section */

/* Begin PBXGroup section */
		8B54F1FC1F45C6E5005675D8 = {
			isa = PBXGroup;
			children = (
				8B54F2071F45C6E5005675D8 /* deploy-test */,
				8B54F21C1F45C6E5005675D8 /* deploy-testTests */,
				8B54F2061F45C6E5005675D8 /* Products */,
			);
			sourceTree = "<group>";
		};
		8B54F2061F45C6E5005675D8 /* Products */ = {
			isa = PBXGroup;
			children = (
				8B54F2051F45C6E5005675D8 /* deploy-test.app */,
				8B54F2191F45C6E5005675D8 /* deploy-testTests.xctest */,
			);
			name = Products;
			sourceTree = "<group>";
		};
		8B54F2071F45C6E5005675D8 /* deploy-test */ = {
			isa = PBXGroup;
			children = (
				8B54F2081F45C6E5005675D8 /* AppDelegate.swift */,
				8B54F20A1F45C6E5005675D8 /* ViewController.swift */,
				8B54F20C1F45C6E5005675D8 /* Main.storyboard */,
				8B54F20F1F45C6E5005675D8 /* Assets.xcassets */,
				8B54F2111F45C6E5005675D8 /* LaunchScreen.storyboard */,
				8B54F2141F45C6E5005675D8 /* Info.plist */,
			);
			path = "deploy-test";
			sourceTree = "<group>";
		};
		8B54F21C1F45C6E5005675D8 /* deploy-testTests */ = {
			isa = PBXGroup;
			children = (
				8B54F21D1F45C6E5005675D8 /* deploy_testTests.swift */,
				8B54F21F1F45C6E5005675D8 /* Info.plist */,
			);
			path = "deploy-testTests";
			sourceTree = "<group>";
		};
/* End PBXGroup section */

/* Begin PBXNativeTarget section */
		8B54F2041F45C6E5005675D8 /* deploy-test */ = {
			isa = PBXNativeTarget;
			buildConfigurationList = 8B54F2221F45C6E5005675D8 /* Build configuration list for PBXNativeTarget "deploy-test" */;
			buildPhases = (
				8B54F2011F45C6E5005675D8 /* Sources */,
				8B54F2021F45C6E5005675D8 /* Frameworks */,
				8B54F2031F45C6E5005675D8 /* Resources */,
			);
			buildRules = (
			);
			dependencies = (
			);
			name = "deploy-test";
			productName = "deploy-test";
			productReference = 8B54F2051F45C6E5005675D8 /* deploy-test.app */;
			productType = "com.apple.product-type.application";
		};
		8B54F2181F45C6E5005675D8 /* deploy-testTests */ = {
			isa = PBXNativeTarget;
			buildConfigurationList = 8B54F2251F45C6E5005675D8 /* Build configuration list for PBXNativeTarget "deploy-testTests" */;
			buildPhases = (
				8B54F2151F45C6E5005675D8 /* Sources */,
				8B54F2161F45C6E5005675D8 /* Frameworks */,
				8B54F2171F45C6E5005675D8 /* Resources */,
			);
			buildRules = (
			);
			dependencies = (
				8B54F21B1F45C6E5005675D8 /* PBXTargetDependency */,
			);
			name = "deploy-testTests";
			productName = "deploy-testTests";
			productReference = 8B54F2191F45C6E5005675D8 /* deploy-testTests.xctest */;
			productType = "com.apple.product-type.bundle.unit-test";
		};
/* End PBXNativeTarget section */

/* Begin PBXProject section */
		8B54F1FD1F45C6E5005675D8 /* Project object */ = {
			isa = PBXProject;
			attributes = {
				LastSwiftUpdateCheck = 0830;
				LastUpgradeCheck = 0830;
				ORGANIZATIONNAME = multicom;
				TargetAttributes = {
					8B54F2041F45C6E5005675D8 = {
						CreatedOnToolsVersion = 8.3.3;
						DevelopmentTeam = 829M9HM784;
						ProvisioningStyle = Automatic;
					};
					8B54F2181F45C6E5005675D8 = {
						CreatedOnToolsVersion = 8.3.3;
						DevelopmentTeam = 829M9HM784;
						ProvisioningStyle = Automatic;
						TestTargetID = 8B54F2041F45C6E5005675D8;
					};
				};
			};
			buildConfigurationList = 8B54F2001F45C6E5005675D8 /* Build configuration list for PBXProject "deploy-test" */;
			compatibilityVersion = "Xcode 3.2";
			developmentRegion = English;
			hasScannedForEncodings = 0;
			knownRegions = (
				en,
				Base,
			);
			mainGroup = 8B54F1FC1F45C6E5005675D8;
			productRefGroup = 8B54F2061F45C6E5005675D8 /* Products */;
			projectDirPath = "";
			projectRoot = "";
			targets = (
				8B54F2041F45C6E5005675D8 /* deploy-test */,
				8B54F2181F45C6E5005675D8 /* deploy-testTests */,
			);
		};
/* End PBXProject section */

/* Begin PBXResourcesBuildPhase section */
		8B54F2031F45C6E5005675D8 /* Resources */ = {
			isa = PBXResourcesBuildPhase;
			buildActionMask = 2147483647;
			files = (
				8B54F2131F45C6E5005675D8 /* LaunchScreen.storyboard in Resources */,
				8B54F2101F45C6E5005675D8 /* Assets.xcassets in Resources */,
				8B54F20E1F45C6E5005675D8 /* Main.storyboard in Resources */,
			);
			runOnlyForDeploymentPostprocessing = 0;
		};
		8B54F2171F45C6E5005675D8 /* Resources */ = {
			isa = PBXResourcesBuildPhase;
			buildActionMask = 2147483647;
			files = (
			);
			runOnlyForDeploymentPostprocessing = 0;
		};
/* End PBXResourcesBuildPhase section */

/* Begin PBXSourcesBuildPhase section */
		8B54F2011F45C6E5005675D8 /* Sources */ = {
			isa = PBXSourcesBuildPhase;
			buildActionMask = 2147483647;
			files = (
				8B54F20B1F45C6E5005675D8 /* ViewController.swift in Sources */,
				8B54F2091F45C6E5005675D8 /* AppDelegate.swift in Sources */,
			);
			runOnlyForDeploymentPostprocessing = 0;
		};
		8B54F2151F45C6E5005675D8 /* Sources */ = {
			isa = PBXSourcesBuildPhase;
			buildActionMask = 2147483647;
			files = (
				8B54F21E1F45C6E5005675D8 /* deploy_testTests.swift in Sources */,
			);
			runOnlyForDeploymentPostprocessing = 0;
		};
/* End PBXSourcesBuildPhase section */

/* Begin PBXTargetDependency section */
		8B54F21B1F45C6E5005675D8 /* PBXTargetDependency */ = {
			isa = PBXTargetDependency;
			target = 8B54F2041F45C6E5005675D8 /* deploy-test */;
			targetProxy = 8B54F21A1F45C6E5005675D8 /* PBXContainerItemProxy */;
		};
/* End PBXTargetDependency section */

/* Begin PBXVariantGroup section */
		8B54F20C1F45C6E5005675D8 /* Main.storyboard */ = {
			isa = PBXVariantGroup;
			children = (
				8B54F20D1F45C6E5005675D8 /* Base */,
			);
			name = Main.storyboard;
			sourceTree = "<group>";
		};
		8B54F2111F45C6E5005675D8 /* LaunchScreen.storyboard */ = {
			isa = PBXVariantGroup;
			children = (
				8B54F2121F45C6E5005675D8 /* Base */,
			);
			name = LaunchScreen.storyboard;
			sourceTree = "<group>";
		};
/* End PBXVariantGroup section */

/* Begin XCBuildConfiguration section */
		8B54F2201F45C6E5005675D8 /* Debug */ = {
			isa = XCBuildConfiguration;
			buildSettings = {
				ALWAYS_SEARCH_USER_PATHS = NO;
				CLANG_ANALYZER_NONNULL = YES;
				CLANG_ANALYZER_NUMBER_OBJECT_CONVERSION = YES_AGGRESSIVE;
				CLANG_CXX_LANGUAGE_STANDARD = "gnu++0x";
				CLANG_CXX_LIBRARY = "libc++";
				CLANG_ENABLE_MODULES = YES;
				CLANG_ENABLE_OBJC_ARC = YES;
				CLANG_WARN_BOOL_CONVERSION = YES;
				CLANG_WARN_CONSTANT_CONVERSION = YES;
				CLANG_WARN_DIRECT_OBJC_ISA_USAGE = YES_ERROR;
				CLANG_WARN_DOCUMENTATION_COMMENTS = YES;
				CLANG_WARN_EMPTY_BODY = YES;
				CLANG_WARN_ENUM_CONVERSION = YES;
				CLANG_WARN_INFINITE_RECURSION = YES;
				CLANG_WARN_INT_CONVERSION = YES;
				CLANG_WARN_OBJC_ROOT_CLASS = YES_ERROR;
				CLANG_WARN_SUSPICIOUS_MOVE = YES;
				CLANG_WARN_UNREACHABLE_CODE = YES;
				CLANG_WARN__DUPLICATE_METHOD_MATCH = YES;
				"CODE_SIGN_IDENTITY[sdk=iphoneos*]" = "iPhone Developer";
				COPY_PHASE_STRIP = NO;
				DEBUG_INFORMATION_FORMAT = dwarf;
				ENABLE_STRICT_OBJC_MSGSEND = YES;
				ENABLE_TESTABILITY = YES;
				GCC_C_LANGUAGE_STANDARD = gnu99;
				GCC_DYNAMIC_NO_PIC = NO;
				GCC_NO_COMMON_BLOCKS = YES;
				GCC_OPTIMIZATION_LEVEL = 0;
				GCC_PREPROCESSOR_DEFINITIONS = (
					"DEBUG=1",
					"$(inherited)",
				);
				GCC_WARN_64_TO_32_BIT_CONVERSION = YES;
				GCC_WARN_ABOUT_RETURN_TYPE = YES_ERROR;
				GCC_WARN_UNDECLARED_SELECTOR = YES;
				GCC_WARN_UNINITIALIZED_AUTOS = YES_AGGRESSIVE;
				GCC_WARN_UNUSED_FUNCTION = YES;
				GCC_WARN_UNUSED_VARIABLE = YES;
				IPHONEOS_DEPLOYMENT_TARGET = 10.3;
				MTL_ENABLE_DEBUG_INFO = YES;
				ONLY_ACTIVE_ARCH = YES;
				SDKROOT = iphoneos;
				SWIFT_ACTIVE_COMPILATION_CONDITIONS = DEBUG;
				SWIFT_OPTIMIZATION_LEVEL = "-Onone";
				TARGETED_DEVICE_FAMILY = "1,2";
			};
			name = Debug;
		};
		8B54F2211F45C6E5005675D8 /* Release */ = {
			isa = XCBuildConfiguration;
			buildSettings = {
				ALWAYS_SEARCH_USER_PATHS = NO;
				CLANG_ANALYZER_NONNULL = YES;
				CLANG_ANALYZER_NUMBER_OBJECT_CONVERSION = YES_AGGRESSIVE;
				CLANG_CXX_LANGUAGE_STANDARD = "gnu++0x";
				CLANG_CXX_LIBRARY = "libc++";
				CLANG_ENABLE_MODULES = YES;
				CLANG_ENABLE_OBJC_ARC = YES;
				CLANG_WARN_BOOL_CONVERSION = YES;
				CLANG_WARN_CONSTANT_CONVERSION = YES;
				CLANG_WARN_DIRECT_OBJC_ISA_USAGE = YES_ERROR;
				CLANG_WARN_DOCUMENTATION_COMMENTS = YES;
				CLANG_WARN_EMPTY_BODY = YES;
				CLANG_WARN_ENUM_CONVERSION = YES;
				CLANG_WARN_INFINITE_RECURSION = YES;
				CLANG_WARN_INT_CONVERSION = YES;
				CLANG_WARN_OBJC_ROOT_CLASS = YES_ERROR;
				CLANG_WARN_SUSPICIOUS_MOVE = YES;
				CLANG_WARN_UNREACHABLE_CODE = YES;
				CLANG_WARN__DUPLICATE_METHOD_MATCH = YES;
				"CODE_SIGN_IDENTITY[sdk=iphoneos*]" = "iPhone Developer";
				COPY_PHASE_STRIP = NO;
				DEBUG_INFORMATION_FORMAT = "dwarf-with-dsym";
				ENABLE_NS_ASSERTIONS = NO;
				ENABLE_STRICT_OBJC_MSGSEND = YES;
				GCC_C_LANGUAGE_STANDARD = gnu99;
				GCC_NO_COMMON_BLOCKS = YES;
				GCC_WARN_64_TO_32_BIT_CONVERSION = YES;
				GCC_WARN_ABOUT_RETURN_TYPE = YES_ERROR;
				GCC_WARN_UNDECLARED_SELECTOR = YES;
				GCC_WARN_UNINITIALIZED_AUTOS = YES_AGGRESSIVE;
				GCC_WARN_UNUSED_FUNCTION = YES;
				GCC_WARN_UNUSED_VARIABLE = YES;
				IPHONEOS_DEPLOYMENT_TARGET = 10.3;
				MTL_ENABLE_DEBUG_INFO = NO;
				SDKROOT = iphoneos;
				SWIFT_OPTIMIZATION_LEVEL = "-Owholemodule";
				TARGETED_DEVICE_FAMILY = "1,2";
				VALIDATE_PRODUCT = YES;
			};
			name = Release;
		};
		8B54F2231F45C6E5005675D8 /* Debug */ = {
			isa = XCBuildConfiguration;
			buildSettings = {
				ASSETCATALOG_COMPILER_APPICON_NAME = AppIcon;
				DEVELOPMENT_TEAM = 829M9HM784;
				INFOPLIST_FILE = "deploy-test/Info.plist";
				LD_RUNPATH_SEARCH_PATHS = "$(inherited) @executable_path/Frameworks";
				PRODUCT_BUNDLE_IDENTIFIER = "de.multicom.deploy-test";
				PRODUCT_NAME = "$(TARGET_NAME)";
				SWIFT_VERSION = 3.0;
			};
			name = Debug;
		};
		8B54F2241F45C6E5005675D8 /* Release */ = {
			isa = XCBuildConfiguration;
			buildSettings = {
				ASSETCATALOG_COMPILER_APPICON_NAME = AppIcon;
				DEVELOPMENT_TEAM = 829M9HM784;
				INFOPLIST_FILE = "deploy-test/Info.plist";
				LD_RUNPATH_SEARCH_PATHS = "$(inherited) @executable_path/Frameworks";
				PRODUCT_BUNDLE_IDENTIFIER = "de.multicom.deploy-test";
				PRODUCT_NAME = "$(TARGET_NAME)";
				SWIFT_VERSION = 3.0;
			};
			name = Release;
		};
		8B54F2261F45C6E5005675D8 /* Debug */ = {
			isa = XCBuildConfiguration;
			buildSettings = {
				ALWAYS_EMBED_SWIFT_STANDARD_LIBRARIES = YES;
				BUNDLE_LOADER = "$(TEST_HOST)";
				DEVELOPMENT_TEAM = 829M9HM784;
				INFOPLIST_FILE = "deploy-testTests/Info.plist";
				LD_RUNPATH_SEARCH_PATHS = "$(inherited) @executable_path/Frameworks @loader_path/Frameworks";
				PRODUCT_BUNDLE_IDENTIFIER = "de.multicom.deploy-testTests";
				PRODUCT_NAME = "$(TARGET_NAME)";
				SWIFT_VERSION = 3.0;
				TEST_HOST = "$(BUILT_PRODUCTS_DIR)/deploy-test.app/deploy-test";
			};
			name = Debug;
		};
		8B54F2271F45C6E5005675D8 /* Release */ = {
			isa = XCBuildConfiguration;
			buildSettings = {
				ALWAYS_EMBED_SWIFT_STANDARD_LIBRARIES = YES;
				BUNDLE_LOADER = "$(TEST_HOST)";
				DEVELOPMENT_TEAM = 829M9HM784;
				INFOPLIST_FILE = "deploy-testTests/Info.plist";
				LD_RUNPATH_SEARCH_PATHS = "$(inherited) @executable_path/Frameworks @loader_path/Frameworks";
				PRODUCT_BUNDLE_IDENTIFIER = "de.multicom.deploy-testTests";
				PRODUCT_NAME = "$(TARGET_NAME)";
				SWIFT_VERSION = 3.0;
				TEST_HOST = "$(BUILT_PRODUCTS_DIR)/deploy-test.app/deploy-test";
			};
			name = Release;
		};
/* End XCBuildConfiguration section */

/* Begin XCConfigurationList section */
		8B54F2001F45C6E5005675D8 /* Build configuration list for PBXProject "deploy-test" */ = {
			isa = XCConfigurationList;
			buildConfigurations = (
				8B54F2201F45C6E5005675D8 /* Debug */,
				8B54F2211F45C6E5005675D8 /* Release */,
			);
			defaultConfigurationIsVisible = 0;
			defaultConfigurationName = Release;
		};
		8B54F2221F45C6E5005675D8 /* Build configuration list for PBXNativeTarget "deploy-test" */ = {
			isa = XCConfigurationList;
			buildConfigurations = (
				8B54F2231F45C6E5005675D8 /* Debug */,
				8B54F2241F45C6E5005675D8 /* Release */,
			);
			defaultConfigurationIsVisible = 0;
		};
		8B54F2251F45C6E5005675D8 /* Build configuration list for PBXNativeTarget "deploy-testTests" */ = {
			isa = XCConfigurationList;
			buildConfigurations = (
				8B54F2261F45C6E5005675D8 /* Debug */,
				8B54F2271F45C6E5005675D8 /* Release */,
			);
			defaultConfigurationIsVisible = 0;
		};
/* End XCConfigurationList section */
	};
	rootObject = 8B54F1FD1F45C6E5005675D8 /* Project object */;
}
